
Microsoft Visual Studio Solution File, Format Version 12.00
# Visual Studio 15
VisualStudioVersion = 15.0.28307.852
MinimumVisualStudioVersion = 10.0.40219.1
Project("{FAE04EC0-301F-11D3-BF4B-00C04F79EFBC}") = "Raton y Teclado", "Raton y Teclado\Raton y Teclado.csproj", "{57FE31BD-2ACB-4162-A19D-3FE77D95D1B0}"
EndProject
Global
	GlobalSection(SolutionConfigurationPlatforms) = preSolution
		Debug|Any CPU = Debug|Any CPU
		Release|Any CPU = Release|Any CPU
	EndGlobalSection
	GlobalSection(ProjectConfigurationPlatforms) = postSolution
		{57FE31BD-2ACB-4162-A19D-3FE77D95D1B0}.Debug|Any CPU.ActiveCfg = Debug|Any CPU
		{57FE31BD-2ACB-4162-A19D-3FE77D95D1B0}.Debug|Any CPU.Build.0 = Debug|Any CPU
		{57FE31BD-2ACB-4162-A19D-3FE77D95D1B0}.Release|Any CPU.ActiveCfg = Release|Any CPU
		{57FE31BD-2ACB-4162-A19D-3FE77D95D1B0}.Release|Any CPU.Build.0 = Release|Any CPU
	EndGlobalSection
	GlobalSection(SolutionProperties) = preSolution
		HideSolutionNode = FALSE
	EndGlobalSection
	GlobalSection(ExtensibilityGlobals) = postSolution
		SolutionGuid = {A2903DBF-60CD-47EE-8054-96E1AA356E44}
	EndGlobalSection
EndGlobal
